
Microsoft Visual Studio Solution File, Format Version 12.00
# Visual Studio Version 17
VisualStudioVersion = 17.5.002.0
MinimumVisualStudioVersion = 10.0.40219.1
Project("{9A19103F-16F7-4668-BE54-9A1E7A4F7556}") = "web_api", "web_api.csproj", "{05DD489D-F689-4ED4-8CCD-49B184B3734F}"
EndProject
Global
	GlobalSection(SolutionConfigurationPlatforms) = preSolution
		Debug|Any CPU = Debug|Any CPU
		Release|Any CPU = Release|Any CPU
	EndGlobalSection
	GlobalSection(ProjectConfigurationPlatforms) = postSolution
		{05DD489D-F689-4ED4-8CCD-49B184B3734F}.Debug|Any CPU.ActiveCfg = Debug|Any CPU
		{05DD489D-F689-4ED4-8CCD-49B184B3734F}.Debug|Any CPU.Build.0 = Debug|Any CPU
		{05DD489D-F689-4ED4-8CCD-49B184B3734F}.Release|Any CPU.ActiveCfg = Release|Any CPU
		{05DD489D-F689-4ED4-8CCD-49B184B3734F}.Release|Any CPU.Build.0 = Release|Any CPU
	EndGlobalSection
	GlobalSection(SolutionProperties) = preSolution
		HideSolutionNode = FALSE
	EndGlobalSection
	GlobalSection(ExtensibilityGlobals) = postSolution
		SolutionGuid = {18ADB3FE-59AA-48CD-B4E3-00C8F7B9F50F}
	EndGlobalSection
EndGlobal
